# This file is generated by running "yarn install" inside your project.
# Manual changes might be lost - proceed with caution!

__metadata:
  version: 6

"@community-dashboard/plots@workspace:projects/plots":
  version: 0.0.0-use.local
  resolution: "@community-dashboard/plots@workspace:projects/plots"
  languageName: unknown
  linkType: soft

"community-dashboard@workspace:.":
  version: 0.0.0-use.local
  resolution: "community-dashboard@workspace:."
  languageName: unknown
  linkType: soft
